
Microsoft Visual Studio Solution File, Format Version 12.00
# Visual Studio Version 16
VisualStudioVersion = 16.0.31205.134
MinimumVisualStudioVersion = 10.0.40219.1
Project("{FAE04EC0-301F-11D3-BF4B-00C04F79EFBC}") = "RandomHealth", "RandomHealth\RandomHealth.csproj", "{5224BD9C-14FB-430B-8C81-3FBB1F08F11F}"
EndProject
Global
	GlobalSection(SolutionConfigurationPlatforms) = preSolution
		Debug|Any CPU = Debug|Any CPU
		Release|Any CPU = Release|Any CPU
	EndGlobalSection
	GlobalSection(ProjectConfigurationPlatforms) = postSolution
		{5224BD9C-14FB-430B-8C81-3FBB1F08F11F}.Debug|Any CPU.ActiveCfg = Release|Any CPU
		{5224BD9C-14FB-430B-8C81-3FBB1F08F11F}.Debug|Any CPU.Build.0 = Release|Any CPU
		{5224BD9C-14FB-430B-8C81-3FBB1F08F11F}.Release|Any CPU.ActiveCfg = Release|Any CPU
		{5224BD9C-14FB-430B-8C81-3FBB1F08F11F}.Release|Any CPU.Build.0 = Release|Any CPU
	EndGlobalSection
	GlobalSection(SolutionProperties) = preSolution
		HideSolutionNode = FALSE
	EndGlobalSection
	GlobalSection(ExtensibilityGlobals) = postSolution
		SolutionGuid = {90E85D40-CF0C-4DF0-9FEB-0CE72021D2E3}
	EndGlobalSection
EndGlobal
